
Microsoft Visual Studio Solution File, Format Version 12.00
# Visual Studio Version 16
VisualStudioVersion = 16.0.30011.22
MinimumVisualStudioVersion = 10.0.40219.1
Project("{8BC9CEB8-8B4A-11D0-8D11-00A0C91BC942}") = "interface1", "interface1\interface1.vcxproj", "{D8193D08-F32E-47F4-8049-A33D3C88B3BF}"
EndProject
Project("{8BC9CEB8-8B4A-11D0-8D11-00A0C91BC942}") = "primer", "primer\primer.vcxproj", "{D4EA920E-EDB5-4401-BACF-C04F5F9C8268}"
EndProject
Project("{8BC9CEB8-8B4A-11D0-8D11-00A0C91BC942}") = "interface2", "interface2\interface2.vcxproj", "{6969D057-B188-43F4-888D-CC24F7BB8E33}"
EndProject
Project("{8BC9CEB8-8B4A-11D0-8D11-00A0C91BC942}") = "Interface3", "Interface3\Interface3.vcxproj", "{A6245F63-14F0-482B-8948-32FF316A6651}"
EndProject
Global
	GlobalSection(SolutionConfigurationPlatforms) = preSolution
		Debug|x64 = Debug|x64
		Debug|x86 = Debug|x86
		Release|x64 = Release|x64
		Release|x86 = Release|x86
	EndGlobalSection
	GlobalSection(ProjectConfigurationPlatforms) = postSolution
		{D8193D08-F32E-47F4-8049-A33D3C88B3BF}.Debug|x64.ActiveCfg = Debug|x64
		{D8193D08-F32E-47F4-8049-A33D3C88B3BF}.Debug|x64.Build.0 = Debug|x64
		{D8193D08-F32E-47F4-8049-A33D3C88B3BF}.Debug|x86.ActiveCfg = Debug|Win32
		{D8193D08-F32E-47F4-8049-A33D3C88B3BF}.Debug|x86.Build.0 = Debug|Win32
		{D8193D08-F32E-47F4-8049-A33D3C88B3BF}.Release|x64.ActiveCfg = Release|x64
		{D8193D08-F32E-47F4-8049-A33D3C88B3BF}.Release|x64.Build.0 = Release|x64
		{D8193D08-F32E-47F4-8049-A33D3C88B3BF}.Release|x86.ActiveCfg = Release|Win32
		{D8193D08-F32E-47F4-8049-A33D3C88B3BF}.Release|x86.Build.0 = Release|Win32
		{D4EA920E-EDB5-4401-BACF-C04F5F9C8268}.Debug|x64.ActiveCfg = Debug|x64
		{D4EA920E-EDB5-4401-BACF-C04F5F9C8268}.Debug|x64.Build.0 = Debug|x64
		{D4EA920E-EDB5-4401-BACF-C04F5F9C8268}.Debug|x86.ActiveCfg = Debug|Win32
		{D4EA920E-EDB5-4401-BACF-C04F5F9C8268}.Debug|x86.Build.0 = Debug|Win32
		{D4EA920E-EDB5-4401-BACF-C04F5F9C8268}.Release|x64.ActiveCfg = Release|x64
		{D4EA920E-EDB5-4401-BACF-C04F5F9C8268}.Release|x64.Build.0 = Release|x64
		{D4EA920E-EDB5-4401-BACF-C04F5F9C8268}.Release|x86.ActiveCfg = Release|Win32
		{D4EA920E-EDB5-4401-BACF-C04F5F9C8268}.Release|x86.Build.0 = Release|Win32
		{6969D057-B188-43F4-888D-CC24F7BB8E33}.Debug|x64.ActiveCfg = Debug|x64
		{6969D057-B188-43F4-888D-CC24F7BB8E33}.Debug|x64.Build.0 = Debug|x64
		{6969D057-B188-43F4-888D-CC24F7BB8E33}.Debug|x86.ActiveCfg = Debug|Win32
		{6969D057-B188-43F4-888D-CC24F7BB8E33}.Debug|x86.Build.0 = Debug|Win32
		{6969D057-B188-43F4-888D-CC24F7BB8E33}.Release|x64.ActiveCfg = Release|x64
		{6969D057-B188-43F4-888D-CC24F7BB8E33}.Release|x64.Build.0 = Release|x64
		{6969D057-B188-43F4-888D-CC24F7BB8E33}.Release|x86.ActiveCfg = Release|Win32
		{6969D057-B188-43F4-888D-CC24F7BB8E33}.Release|x86.Build.0 = Release|Win32
		{A6245F63-14F0-482B-8948-32FF316A6651}.Debug|x64.ActiveCfg = Debug|x64
		{A6245F63-14F0-482B-8948-32FF316A6651}.Debug|x64.Build.0 = Debug|x64
		{A6245F63-14F0-482B-8948-32FF316A6651}.Debug|x86.ActiveCfg = Debug|Win32
		{A6245F63-14F0-482B-8948-32FF316A6651}.Debug|x86.Build.0 = Debug|Win32
		{A6245F63-14F0-482B-8948-32FF316A6651}.Release|x64.ActiveCfg = Release|x64
		{A6245F63-14F0-482B-8948-32FF316A6651}.Release|x64.Build.0 = Release|x64
		{A6245F63-14F0-482B-8948-32FF316A6651}.Release|x86.ActiveCfg = Release|Win32
		{A6245F63-14F0-482B-8948-32FF316A6651}.Release|x86.Build.0 = Release|Win32
	EndGlobalSection
	GlobalSection(SolutionProperties) = preSolution
		HideSolutionNode = FALSE
	EndGlobalSection
	GlobalSection(ExtensibilityGlobals) = postSolution
		SolutionGuid = {CBFADDC4-E060-4FF1-8C67-0D34E519AE0E}
	EndGlobalSection
EndGlobal
